
Microsoft Visual Studio Solution File, Format Version 12.00
# Visual Studio 15
VisualStudioVersion = 15.0.26228.9
MinimumVisualStudioVersion = 10.0.40219.1
Project("{FAE04EC0-301F-11D3-BF4B-00C04F79EFBC}") = "HeadRaceTiming-Site", "HeadRaceTiming-Site\HeadRaceTiming-Site.csproj", "{33CA0930-6B54-4B6D-9291-71C9992EB5C0}"
EndProject
Project("{FAE04EC0-301F-11D3-BF4B-00C04F79EFBC}") = "HeadRaceTiming-Site.Tests", "HeadRaceTiming-Site.Tests\HeadRaceTiming-Site.Tests.csproj", "{5F41C6CF-9201-4B25-BEBD-A6E9788D9AC5}"
EndProject
Global
	GlobalSection(SolutionConfigurationPlatforms) = preSolution
		Debug|Any CPU = Debug|Any CPU
		Release|Any CPU = Release|Any CPU
	EndGlobalSection
	GlobalSection(ProjectConfigurationPlatforms) = postSolution
		{33CA0930-6B54-4B6D-9291-71C9992EB5C0}.Debug|Any CPU.ActiveCfg = Debug|Any CPU
		{33CA0930-6B54-4B6D-9291-71C9992EB5C0}.Debug|Any CPU.Build.0 = Debug|Any CPU
		{33CA0930-6B54-4B6D-9291-71C9992EB5C0}.Release|Any CPU.ActiveCfg = Release|Any CPU
		{33CA0930-6B54-4B6D-9291-71C9992EB5C0}.Release|Any CPU.Build.0 = Release|Any CPU
		{5F41C6CF-9201-4B25-BEBD-A6E9788D9AC5}.Debug|Any CPU.ActiveCfg = Debug|Any CPU
		{5F41C6CF-9201-4B25-BEBD-A6E9788D9AC5}.Debug|Any CPU.Build.0 = Debug|Any CPU
		{5F41C6CF-9201-4B25-BEBD-A6E9788D9AC5}.Release|Any CPU.ActiveCfg = Release|Any CPU
		{5F41C6CF-9201-4B25-BEBD-A6E9788D9AC5}.Release|Any CPU.Build.0 = Release|Any CPU
	EndGlobalSection
	GlobalSection(SolutionProperties) = preSolution
		HideSolutionNode = FALSE
	EndGlobalSection
EndGlobal
